{
    "_meta": {
        "hash": {
            "sha256": "0b5823de65ff0f5100b8f0fd7642f5000e8f2788c925cc51afe587d419e35515"
        },
        "pipfile-spec": 6,
        "requires": {
            "python_version": "3.12"
        },
        "sources": [
            {
                "name": "pypi",
                "url": "https://pypi.org/simple",
                "verify_ssl": true
            }
        ]
    },
    "default": {
        "asgiref": {
            "hashes": [
                "sha256:aef8a81283a34d0ab31630c9b7dfe70c812c95eba78171367ca8745e88124734",
                "sha256:d89f2d8cd8b56dada7d52fa7dc8075baa08fb836560710d38c292a7a3f78c04e"
            ],
            "markers": "python_version >= '3.9'",
            "version": "==3.10.0"
        },
        "django": {
            "hashes": [
                "sha256:23254866a5bb9a2cfa6004e8b809ec6246eba4b58a7589bc2772f1bcc8456c7f",
                "sha256:37e687f7bd73ddf043e2b6b97cfe02fcbb11f2dbb3adccc6a2b18c6daa054d7f"
            ],
            "index": "pypi",
            "markers": "python_version >= '3.10'",
            "version": "==5.2.8"
        },
        "sqlparse": {
            "hashes": [
                "sha256:09f67787f56a0b16ecdbde1bfc7f5d9c3371ca683cfeaa8e6ff60b4807ec9272",
                "sha256:cf2196ed3418f3ba5de6af7e82c694a9fbdbfecccdfc72e281548517081f16ca"
            ],
            "markers": "python_version >= '3.8'",
            "version": "==0.5.3"
        }
    },
    "develop": {}
}
